
Microsoft Visual Studio Solution File, Format Version 12.00
# Visual Studio Version 17
VisualStudioVersion = 17.0.31903.59
MinimumVisualStudioVersion = 10.0.40219.1
Project("{9A19103F-16F7-4668-BE54-9A1E7A4F7556}") = "Factory", "Factory\Factory.csproj", "{2AA2A6E8-A439-4F78-8124-C59EFE5DE814}"
EndProject
Project("{2150E333-8FDC-42A3-9474-1A3956D46DE8}") = "Solution Items", "Solution Items", "{C6818FF0-133B-434E-B7EC-58EFE2519792}"
	ProjectSection(SolutionItems) = preProject
		.editorconfig = .editorconfig
	EndProjectSection
EndProject
Project("{FAE04EC0-301F-11D3-BF4B-00C04F79EFBC}") = "AbstractFactory", "AbstractFactory\AbstractFactory.csproj", "{BAD7B0F7-4AE3-46DF-8B9C-6DD749E8D0EF}"
EndProject
Global
	GlobalSection(SolutionConfigurationPlatforms) = preSolution
		Debug|Any CPU = Debug|Any CPU
		Release|Any CPU = Release|Any CPU
	EndGlobalSection
	GlobalSection(ProjectConfigurationPlatforms) = postSolution
		{2AA2A6E8-A439-4F78-8124-C59EFE5DE814}.Debug|Any CPU.ActiveCfg = Debug|Any CPU
		{2AA2A6E8-A439-4F78-8124-C59EFE5DE814}.Debug|Any CPU.Build.0 = Debug|Any CPU
		{2AA2A6E8-A439-4F78-8124-C59EFE5DE814}.Release|Any CPU.ActiveCfg = Release|Any CPU
		{2AA2A6E8-A439-4F78-8124-C59EFE5DE814}.Release|Any CPU.Build.0 = Release|Any CPU
		{BAD7B0F7-4AE3-46DF-8B9C-6DD749E8D0EF}.Debug|Any CPU.ActiveCfg = Debug|Any CPU
		{BAD7B0F7-4AE3-46DF-8B9C-6DD749E8D0EF}.Debug|Any CPU.Build.0 = Debug|Any CPU
		{BAD7B0F7-4AE3-46DF-8B9C-6DD749E8D0EF}.Release|Any CPU.ActiveCfg = Release|Any CPU
		{BAD7B0F7-4AE3-46DF-8B9C-6DD749E8D0EF}.Release|Any CPU.Build.0 = Release|Any CPU
	EndGlobalSection
	GlobalSection(SolutionProperties) = preSolution
		HideSolutionNode = FALSE
	EndGlobalSection
	GlobalSection(ExtensibilityGlobals) = postSolution
		SolutionGuid = {BF8F7745-FA9A-4B02-A02F-A813F8171CD5}
	EndGlobalSection
EndGlobal
